// !$*UTF8*$!
{
	archiveVersion = 1;
	classes = {
	};
	objectVersion = 46;
	objects = {

/* Begin PBXBuildFile section */
		E7E6874218994A4100579847 /* UIKit.framework in Frameworks */ = {isa = PBXBuildFile; fileRef = E7E6874118994A4100579847 /* UIKit.framework */; };
		E7E6874418994A4100579847 /* Foundation.framework in Frameworks */ = {isa = PBXBuildFile; fileRef = E7E6874318994A4100579847 /* Foundation.framework */; };
		E7E6874618994A4100579847 /* CoreGraphics.framework in Frameworks */ = {isa = PBXBuildFile; fileRef = E7E6874518994A4100579847 /* CoreGraphics.framework */; };
		E7E6874C18994A4100579847 /* InfoPlist.strings in Resources */ = {isa = PBXBuildFile; fileRef = E7E6874A18994A4100579847 /* InfoPlist.strings */; };
		E7E6874E18994A4100579847 /* main.m in Sources */ = {isa = PBXBuildFile; fileRef = E7E6874D18994A4100579847 /* main.m */; };
		E7E6875218994A4100579847 /* AppDelegate.m in Sources */ = {isa = PBXBuildFile; fileRef = E7E6875118994A4100579847 /* AppDelegate.m */; };
		E7E6875418994A4100579847 /* Default.png in Resources */ = {isa = PBXBuildFile; fileRef = E7E6875318994A4100579847 /* Default.png */; };
		E7E6875618994A4100579847 /* Default@2x.png in Resources */ = {isa = PBXBuildFile; fileRef = E7E6875518994A4100579847 /* Default@2x.png */; };
		E7E6875818994A4100579847 /* Default-568h@2x.png in Resources */ = {isa = PBXBuildFile; fileRef = E7E6875718994A4100579847 /* Default-568h@2x.png */; };
		E7E6875B18994A4100579847 /* MainStoryboard_iPhone.storyboard in Resources */ = {isa = PBXBuildFile; fileRef = E7E6875918994A4100579847 /* MainStoryboard_iPhone.storyboard */; };
		E7E6875E18994A4100579847 /* MainStoryboard_iPad.storyboard in Resources */ = {isa = PBXBuildFile; fileRef = E7E6875C18994A4100579847 /* MainStoryboard_iPad.storyboard */; };
		E7E6876118994A4100579847 /* ViewController.m in Sources */ = {isa = PBXBuildFile; fileRef = E7E6876018994A4100579847 /* ViewController.m */; };
		E7E6876918994A4200579847 /* SenTestingKit.framework in Frameworks */ = {isa = PBXBuildFile; fileRef = E7E6876818994A4100579847 /* SenTestingKit.framework */; };
		E7E6876A18994A4200579847 /* UIKit.framework in Frameworks */ = {isa = PBXBuildFile; fileRef = E7E6874118994A4100579847 /* UIKit.framework */; };
		E7E6876B18994A4200579847 /* Foundation.framework in Frameworks */ = {isa = PBXBuildFile; fileRef = E7E6874318994A4100579847 /* Foundation.framework */; };
		E7E6877318994A4200579847 /* InfoPlist.strings in Resources */ = {isa = PBXBuildFile; fileRef = E7E6877118994A4200579847 /* InfoPlist.strings */; };
		E7E6877618994A4200579847 /* VivoValorizaTests.m in Sources */ = {isa = PBXBuildFile; fileRef = E7E6877518994A4200579847 /* VivoValorizaTests.m */; };
/* End PBXBuildFile section */

/* Begin PBXContainerItemProxy section */
		E7E6876C18994A4200579847 /* PBXContainerItemProxy */ = {
			isa = PBXContainerItemProxy;
			containerPortal = E7E6873418994A4100579847 /* Project object */;
			proxyType = 1;
			remoteGlobalIDString = E7E6873C18994A4100579847;
			remoteInfo = VivoValoriza;
		};
/* End PBXContainerItemProxy section */

/* Begin PBXFileReference section */
		E7E6873D18994A4100579847 /* VivoValoriza.app */ = {isa = PBXFileReference; explicitFileType = wrapper.application; includeInIndex = 0; path = VivoValoriza.app; sourceTree = BUILT_PRODUCTS_DIR; };
		E7E6874118994A4100579847 /* UIKit.framework */ = {isa = PBXFileReference; lastKnownFileType = wrapper.framework; name = UIKit.framework; path = System/Library/Frameworks/UIKit.framework; sourceTree = SDKROOT; };
		E7E6874318994A4100579847 /* Foundation.framework */ = {isa = PBXFileReference; lastKnownFileType = wrapper.framework; name = Foundation.framework; path = System/Library/Frameworks/Foundation.framework; sourceTree = SDKROOT; };
		E7E6874518994A4100579847 /* CoreGraphics.framework */ = {isa = PBXFileReference; lastKnownFileType = wrapper.framework; name = CoreGraphics.framework; path = System/Library/Frameworks/CoreGraphics.framework; sourceTree = SDKROOT; };
		E7E6874918994A4100579847 /* VivoValoriza-Info.plist */ = {isa = PBXFileReference; lastKnownFileType = text.plist.xml; path = "VivoValoriza-Info.plist"; sourceTree = "<group>"; };
		E7E6874B18994A4100579847 /* en */ = {isa = PBXFileReference; lastKnownFileType = text.plist.strings; name = en; path = en.lproj/InfoPlist.strings; sourceTree = "<group>"; };
		E7E6874D18994A4100579847 /* main.m */ = {isa = PBXFileReference; lastKnownFileType = sourcecode.c.objc; path = main.m; sourceTree = "<group>"; };
		E7E6874F18994A4100579847 /* VivoValoriza-Prefix.pch */ = {isa = PBXFileReference; lastKnownFileType = sourcecode.c.h; path = "VivoValoriza-Prefix.pch"; sourceTree = "<group>"; };
		E7E6875018994A4100579847 /* AppDelegate.h */ = {isa = PBXFileReference; lastKnownFileType = sourcecode.c.h; path = AppDelegate.h; sourceTree = "<group>"; };
		E7E6875118994A4100579847 /* AppDelegate.m */ = {isa = PBXFileReference; lastKnownFileType = sourcecode.c.objc; path = AppDelegate.m; sourceTree = "<group>"; };
		E7E6875318994A4100579847 /* Default.png */ = {isa = PBXFileReference; lastKnownFileType = image.png; path = Default.png; sourceTree = "<group>"; };
		E7E6875518994A4100579847 /* Default@2x.png */ = {isa = PBXFileReference; lastKnownFileType = image.png; path = "Default@2x.png"; sourceTree = "<group>"; };
		E7E6875718994A4100579847 /* Default-568h@2x.png */ = {isa = PBXFileReference; lastKnownFileType = image.png; path = "Default-568h@2x.png"; sourceTree = "<group>"; };
		E7E6875A18994A4100579847 /* en */ = {isa = PBXFileReference; lastKnownFileType = file.storyboard; name = en; path = en.lproj/MainStoryboard_iPhone.storyboard; sourceTree = "<group>"; };
		E7E6875D18994A4100579847 /* en */ = {isa = PBXFileReference; lastKnownFileType = file.storyboard; name = en; path = en.lproj/MainStoryboard_iPad.storyboard; sourceTree = "<group>"; };
		E7E6875F18994A4100579847 /* ViewController.h */ = {isa = PBXFileReference; lastKnownFileType = sourcecode.c.h; path = ViewController.h; sourceTree = "<group>"; };
		E7E6876018994A4100579847 /* ViewController.m */ = {isa = PBXFileReference; lastKnownFileType = sourcecode.c.objc; path = ViewController.m; sourceTree = "<group>"; };
		E7E6876718994A4100579847 /* VivoValorizaTests.octest */ = {isa = PBXFileReference; explicitFileType = wrapper.cfbundle; includeInIndex = 0; path = VivoValorizaTests.octest; sourceTree = BUILT_PRODUCTS_DIR; };
		E7E6876818994A4100579847 /* SenTestingKit.framework */ = {isa = PBXFileReference; lastKnownFileType = wrapper.framework; name = SenTestingKit.framework; path = Library/Frameworks/SenTestingKit.framework; sourceTree = DEVELOPER_DIR; };
		E7E6877018994A4200579847 /* VivoValorizaTests-Info.plist */ = {isa = PBXFileReference; lastKnownFileType = text.plist.xml; path = "VivoValorizaTests-Info.plist"; sourceTree = "<group>"; };
		E7E6877218994A4200579847 /* en */ = {isa = PBXFileReference; lastKnownFileType = text.plist.strings; name = en; path = en.lproj/InfoPlist.strings; sourceTree = "<group>"; };
		E7E6877418994A4200579847 /* VivoValorizaTests.h */ = {isa = PBXFileReference; lastKnownFileType = sourcecode.c.h; path = VivoValorizaTests.h; sourceTree = "<group>"; };
		E7E6877518994A4200579847 /* VivoValorizaTests.m */ = {isa = PBXFileReference; lastKnownFileType = sourcecode.c.objc; path = VivoValorizaTests.m; sourceTree = "<group>"; };
/* End PBXFileReference section */

/* Begin PBXFrameworksBuildPhase section */
		E7E6873A18994A4100579847 /* Frameworks */ = {
			isa = PBXFrameworksBuildPhase;
			buildActionMask = 2147483647;
			files = (
				E7E6874218994A4100579847 /* UIKit.framework in Frameworks */,
				E7E6874418994A4100579847 /* Foundation.framework in Frameworks */,
				E7E6874618994A4100579847 /* CoreGraphics.framework in Frameworks */,
			);
			runOnlyForDeploymentPostprocessing = 0;
		};
		E7E6876318994A4100579847 /* Frameworks */ = {
			isa = PBXFrameworksBuildPhase;
			buildActionMask = 2147483647;
			files = (
				E7E6876918994A4200579847 /* SenTestingKit.framework in Frameworks */,
				E7E6876A18994A4200579847 /* UIKit.framework in Frameworks */,
				E7E6876B18994A4200579847 /* Foundation.framework in Frameworks */,
			);
			runOnlyForDeploymentPostprocessing = 0;
		};
/* End PBXFrameworksBuildPhase section */

/* Begin PBXGroup section */
		E7E6873218994A4100579847 = {
			isa = PBXGroup;
			children = (
				E7E6874718994A4100579847 /* VivoValoriza */,
				E7E6876E18994A4200579847 /* VivoValorizaTests */,
				E7E6874018994A4100579847 /* Frameworks */,
				E7E6873E18994A4100579847 /* Products */,
			);
			sourceTree = "<group>";
		};
		E7E6873E18994A4100579847 /* Products */ = {
			isa = PBXGroup;
			children = (
				E7E6873D18994A4100579847 /* VivoValoriza.app */,
				E7E6876718994A4100579847 /* VivoValorizaTests.octest */,
			);
			name = Products;
			sourceTree = "<group>";
		};
		E7E6874018994A4100579847 /* Frameworks */ = {
			isa = PBXGroup;
			children = (
				E7E6874118994A4100579847 /* UIKit.framework */,
				E7E6874318994A4100579847 /* Foundation.framework */,
				E7E6874518994A4100579847 /* CoreGraphics.framework */,
				E7E6876818994A4100579847 /* SenTestingKit.framework */,
			);
			name = Frameworks;
			sourceTree = "<group>";
		};
		E7E6874718994A4100579847 /* VivoValoriza */ = {
			isa = PBXGroup;
			children = (
				E7E6875018994A4100579847 /* AppDelegate.h */,
				E7E6875118994A4100579847 /* AppDelegate.m */,
				E7E6875918994A4100579847 /* MainStoryboard_iPhone.storyboard */,
				E7E6875C18994A4100579847 /* MainStoryboard_iPad.storyboard */,
				E7E6875F18994A4100579847 /* ViewController.h */,
				E7E6876018994A4100579847 /* ViewController.m */,
				E7E6874818994A4100579847 /* Supporting Files */,
			);
			path = VivoValoriza;
			sourceTree = "<group>";
		};
		E7E6874818994A4100579847 /* Supporting Files */ = {
			isa = PBXGroup;
			children = (
				E7E6874918994A4100579847 /* VivoValoriza-Info.plist */,
				E7E6874A18994A4100579847 /* InfoPlist.strings */,
				E7E6874D18994A4100579847 /* main.m */,
				E7E6874F18994A4100579847 /* VivoValoriza-Prefix.pch */,
				E7E6875318994A4100579847 /* Default.png */,
				E7E6875518994A4100579847 /* Default@2x.png */,
				E7E6875718994A4100579847 /* Default-568h@2x.png */,
			);
			name = "Supporting Files";
			sourceTree = "<group>";
		};
		E7E6876E18994A4200579847 /* VivoValorizaTests */ = {
			isa = PBXGroup;
			children = (
				E7E6877418994A4200579847 /* VivoValorizaTests.h */,
				E7E6877518994A4200579847 /* VivoValorizaTests.m */,
				E7E6876F18994A4200579847 /* Supporting Files */,
			);
			path = VivoValorizaTests;
			sourceTree = "<group>";
		};
		E7E6876F18994A4200579847 /* Supporting Files */ = {
			isa = PBXGroup;
			children = (
				E7E6877018994A4200579847 /* VivoValorizaTests-Info.plist */,
				E7E6877118994A4200579847 /* InfoPlist.strings */,
			);
			name = "Supporting Files";
			sourceTree = "<group>";
		};
/* End PBXGroup section */

/* Begin PBXNativeTarget section */
		E7E6873C18994A4100579847 /* VivoValoriza */ = {
			isa = PBXNativeTarget;
			buildConfigurationList = E7E6877918994A4200579847 /* Build configuration list for PBXNativeTarget "VivoValoriza" */;
			buildPhases = (
				E7E6873918994A4100579847 /* Sources */,
				E7E6873A18994A4100579847 /* Frameworks */,
				E7E6873B18994A4100579847 /* Resources */,
			);
			buildRules = (
			);
			dependencies = (
			);
			name = VivoValoriza;
			productName = VivoValoriza;
			productReference = E7E6873D18994A4100579847 /* VivoValoriza.app */;
			productType = "com.apple.product-type.application";
		};
		E7E6876618994A4100579847 /* VivoValorizaTests */ = {
			isa = PBXNativeTarget;
			buildConfigurationList = E7E6877C18994A4200579847 /* Build configuration list for PBXNativeTarget "VivoValorizaTests" */;
			buildPhases = (
				E7E6876218994A4100579847 /* Sources */,
				E7E6876318994A4100579847 /* Frameworks */,
				E7E6876418994A4100579847 /* Resources */,
				E7E6876518994A4100579847 /* ShellScript */,
			);
			buildRules = (
			);
			dependencies = (
				E7E6876D18994A4200579847 /* PBXTargetDependency */,
			);
			name = VivoValorizaTests;
			productName = VivoValorizaTests;
			productReference = E7E6876718994A4100579847 /* VivoValorizaTests.octest */;
			productType = "com.apple.product-type.bundle";
		};
/* End PBXNativeTarget section */

/* Begin PBXProject section */
		E7E6873418994A4100579847 /* Project object */ = {
			isa = PBXProject;
			attributes = {
				LastUpgradeCheck = 0450;
				ORGANIZATIONNAME = Kennen;
			};
			buildConfigurationList = E7E6873718994A4100579847 /* Build configuration list for PBXProject "VivoValoriza" */;
			compatibilityVersion = "Xcode 3.2";
			developmentRegion = English;
			hasScannedForEncodings = 0;
			knownRegions = (
				en,
			);
			mainGroup = E7E6873218994A4100579847;
			productRefGroup = E7E6873E18994A4100579847 /* Products */;
			projectDirPath = "";
			projectRoot = "";
			targets = (
				E7E6873C18994A4100579847 /* VivoValoriza */,
				E7E6876618994A4100579847 /* VivoValorizaTests */,
			);
		};
/* End PBXProject section */

/* Begin PBXResourcesBuildPhase section */
		E7E6873B18994A4100579847 /* Resources */ = {
			isa = PBXResourcesBuildPhase;
			buildActionMask = 2147483647;
			files = (
				E7E6874C18994A4100579847 /* InfoPlist.strings in Resources */,
				E7E6875418994A4100579847 /* Default.png in Resources */,
				E7E6875618994A4100579847 /* Default@2x.png in Resources */,
				E7E6875818994A4100579847 /* Default-568h@2x.png in Resources */,
				E7E6875B18994A4100579847 /* MainStoryboard_iPhone.storyboard in Resources */,
				E7E6875E18994A4100579847 /* MainStoryboard_iPad.storyboard in Resources */,
			);
			runOnlyForDeploymentPostprocessing = 0;
		};
		E7E6876418994A4100579847 /* Resources */ = {
			isa = PBXResourcesBuildPhase;
			buildActionMask = 2147483647;
			files = (
				E7E6877318994A4200579847 /* InfoPlist.strings in Resources */,
			);
			runOnlyForDeploymentPostprocessing = 0;
		};
/* End PBXResourcesBuildPhase section */

/* Begin PBXShellScriptBuildPhase section */
		E7E6876518994A4100579847 /* ShellScript */ = {
			isa = PBXShellScriptBuildPhase;
			buildActionMask = 2147483647;
			files = (
			);
			inputPaths = (
			);
			outputPaths = (
			);
			runOnlyForDeploymentPostprocessing = 0;
			shellPath = /bin/sh;
			shellScript = "# Run the unit tests in this test bundle.\n\"${SYSTEM_DEVELOPER_DIR}/Tools/RunUnitTests\"\n";
		};
/* End PBXShellScriptBuildPhase section */

/* Begin PBXSourcesBuildPhase section */
		E7E6873918994A4100579847 /* Sources */ = {
			isa = PBXSourcesBuildPhase;
			buildActionMask = 2147483647;
			files = (
				E7E6874E18994A4100579847 /* main.m in Sources */,
				E7E6875218994A4100579847 /* AppDelegate.m in Sources */,
				E7E6876118994A4100579847 /* ViewController.m in Sources */,
			);
			runOnlyForDeploymentPostprocessing = 0;
		};
		E7E6876218994A4100579847 /* Sources */ = {
			isa = PBXSourcesBuildPhase;
			buildActionMask = 2147483647;
			files = (
				E7E6877618994A4200579847 /* VivoValorizaTests.m in Sources */,
			);
			runOnlyForDeploymentPostprocessing = 0;
		};
/* End PBXSourcesBuildPhase section */

/* Begin PBXTargetDependency section */
		E7E6876D18994A4200579847 /* PBXTargetDependency */ = {
			isa = PBXTargetDependency;
			target = E7E6873C18994A4100579847 /* VivoValoriza */;
			targetProxy = E7E6876C18994A4200579847 /* PBXContainerItemProxy */;
		};
/* End PBXTargetDependency section */

/* Begin PBXVariantGroup section */
		E7E6874A18994A4100579847 /* InfoPlist.strings */ = {
			isa = PBXVariantGroup;
			children = (
				E7E6874B18994A4100579847 /* en */,
			);
			name = InfoPlist.strings;
			sourceTree = "<group>";
		};
		E7E6875918994A4100579847 /* MainStoryboard_iPhone.storyboard */ = {
			isa = PBXVariantGroup;
			children = (
				E7E6875A18994A4100579847 /* en */,
			);
			name = MainStoryboard_iPhone.storyboard;
			sourceTree = "<group>";
		};
		E7E6875C18994A4100579847 /* MainStoryboard_iPad.storyboard */ = {
			isa = PBXVariantGroup;
			children = (
				E7E6875D18994A4100579847 /* en */,
			);
			name = MainStoryboard_iPad.storyboard;
			sourceTree = "<group>";
		};
		E7E6877118994A4200579847 /* InfoPlist.strings */ = {
			isa = PBXVariantGroup;
			children = (
				E7E6877218994A4200579847 /* en */,
			);
			name = InfoPlist.strings;
			sourceTree = "<group>";
		};
/* End PBXVariantGroup section */

/* Begin XCBuildConfiguration section */
		E7E6877718994A4200579847 /* Debug */ = {
			isa = XCBuildConfiguration;
			buildSettings = {
				ALWAYS_SEARCH_USER_PATHS = NO;
				CLANG_CXX_LANGUAGE_STANDARD = "gnu++0x";
				CLANG_CXX_LIBRARY = "libc++";
				CLANG_ENABLE_OBJC_ARC = YES;
				CLANG_WARN_EMPTY_BODY = YES;
				CLANG_WARN__DUPLICATE_METHOD_MATCH = YES;
				"CODE_SIGN_IDENTITY[sdk=iphoneos*]" = "iPhone Developer";
				COPY_PHASE_STRIP = NO;
				GCC_C_LANGUAGE_STANDARD = gnu99;
				GCC_DYNAMIC_NO_PIC = NO;
				GCC_OPTIMIZATION_LEVEL = 0;
				GCC_PREPROCESSOR_DEFINITIONS = (
					"DEBUG=1",
					"$(inherited)",
				);
				GCC_SYMBOLS_PRIVATE_EXTERN = NO;
				GCC_WARN_ABOUT_RETURN_TYPE = YES;
				GCC_WARN_UNINITIALIZED_AUTOS = YES;
				GCC_WARN_UNUSED_VARIABLE = YES;
				IPHONEOS_DEPLOYMENT_TARGET = 6.0;
				ONLY_ACTIVE_ARCH = YES;
				SDKROOT = iphoneos;
				TARGETED_DEVICE_FAMILY = "1,2";
			};
			name = Debug;
		};
		E7E6877818994A4200579847 /* Release */ = {
			isa = XCBuildConfiguration;
			buildSettings = {
				ALWAYS_SEARCH_USER_PATHS = NO;
				CLANG_CXX_LANGUAGE_STANDARD = "gnu++0x";
				CLANG_CXX_LIBRARY = "libc++";
				CLANG_ENABLE_OBJC_ARC = YES;
				CLANG_WARN_EMPTY_BODY = YES;
				CLANG_WARN__DUPLICATE_METHOD_MATCH = YES;
				"CODE_SIGN_IDENTITY[sdk=iphoneos*]" = "iPhone Developer";
				COPY_PHASE_STRIP = YES;
				GCC_C_LANGUAGE_STANDARD = gnu99;
				GCC_WARN_ABOUT_RETURN_TYPE = YES;
				GCC_WARN_UNINITIALIZED_AUTOS = YES;
				GCC_WARN_UNUSED_VARIABLE = YES;
				IPHONEOS_DEPLOYMENT_TARGET = 6.0;
				OTHER_CFLAGS = "-DNS_BLOCK_ASSERTIONS=1";
				SDKROOT = iphoneos;
				TARGETED_DEVICE_FAMILY = "1,2";
				VALIDATE_PRODUCT = YES;
			};
			name = Release;
		};
		E7E6877A18994A4200579847 /* Debug */ = {
			isa = XCBuildConfiguration;
			buildSettings = {
				GCC_PRECOMPILE_PREFIX_HEADER = YES;
				GCC_PREFIX_HEADER = "VivoValoriza/VivoValoriza-Prefix.pch";
				INFOPLIST_FILE = "VivoValoriza/VivoValoriza-Info.plist";
				PRODUCT_NAME = "$(TARGET_NAME)";
				WRAPPER_EXTENSION = app;
			};
			name = Debug;
		};
		E7E6877B18994A4200579847 /* Release */ = {
			isa = XCBuildConfiguration;
			buildSettings = {
				GCC_PRECOMPILE_PREFIX_HEADER = YES;
				GCC_PREFIX_HEADER = "VivoValoriza/VivoValoriza-Prefix.pch";
				INFOPLIST_FILE = "VivoValoriza/VivoValoriza-Info.plist";
				PRODUCT_NAME = "$(TARGET_NAME)";
				WRAPPER_EXTENSION = app;
			};
			name = Release;
		};
		E7E6877D18994A4200579847 /* Debug */ = {
			isa = XCBuildConfiguration;
			buildSettings = {
				BUNDLE_LOADER = "$(BUILT_PRODUCTS_DIR)/VivoValoriza.app/VivoValoriza";
				FRAMEWORK_SEARCH_PATHS = (
					"\"$(SDKROOT)/Developer/Library/Frameworks\"",
					"\"$(DEVELOPER_LIBRARY_DIR)/Frameworks\"",
				);
				GCC_PRECOMPILE_PREFIX_HEADER = YES;
				GCC_PREFIX_HEADER = "VivoValoriza/VivoValoriza-Prefix.pch";
				INFOPLIST_FILE = "VivoValorizaTests/VivoValorizaTests-Info.plist";
				PRODUCT_NAME = "$(TARGET_NAME)";
				TEST_HOST = "$(BUNDLE_LOADER)";
				WRAPPER_EXTENSION = octest;
			};
			name = Debug;
		};
		E7E6877E18994A4200579847 /* Release */ = {
			isa = XCBuildConfiguration;
			buildSettings = {
				BUNDLE_LOADER = "$(BUILT_PRODUCTS_DIR)/VivoValoriza.app/VivoValoriza";
				FRAMEWORK_SEARCH_PATHS = (
					"\"$(SDKROOT)/Developer/Library/Frameworks\"",
					"\"$(DEVELOPER_LIBRARY_DIR)/Frameworks\"",
				);
				GCC_PRECOMPILE_PREFIX_HEADER = YES;
				GCC_PREFIX_HEADER = "VivoValoriza/VivoValoriza-Prefix.pch";
				INFOPLIST_FILE = "VivoValorizaTests/VivoValorizaTests-Info.plist";
				PRODUCT_NAME = "$(TARGET_NAME)";
				TEST_HOST = "$(BUNDLE_LOADER)";
				WRAPPER_EXTENSION = octest;
			};
			name = Release;
		};
/* End XCBuildConfiguration section */

/* Begin XCConfigurationList section */
		E7E6873718994A4100579847 /* Build configuration list for PBXProject "VivoValoriza" */ = {
			isa = XCConfigurationList;
			buildConfigurations = (
				E7E6877718994A4200579847 /* Debug */,
				E7E6877818994A4200579847 /* Release */,
			);
			defaultConfigurationIsVisible = 0;
			defaultConfigurationName = Release;
		};
		E7E6877918994A4200579847 /* Build configuration list for PBXNativeTarget "VivoValoriza" */ = {
			isa = XCConfigurationList;
			buildConfigurations = (
				E7E6877A18994A4200579847 /* Debug */,
				E7E6877B18994A4200579847 /* Release */,
			);
			defaultConfigurationIsVisible = 0;
		};
		E7E6877C18994A4200579847 /* Build configuration list for PBXNativeTarget "VivoValorizaTests" */ = {
			isa = XCConfigurationList;
			buildConfigurations = (
				E7E6877D18994A4200579847 /* Debug */,
				E7E6877E18994A4200579847 /* Release */,
			);
			defaultConfigurationIsVisible = 0;
		};
/* End XCConfigurationList section */
	};
	rootObject = E7E6873418994A4100579847 /* Project object */;
}
